
Microsoft Visual Studio Solution File, Format Version 12.00
# Visual Studio Version 16
VisualStudioVersion = 16.0.30523.141
MinimumVisualStudioVersion = 10.0.40219.1
Project("{FAE04EC0-301F-11D3-BF4B-00C04F79EFBC}") = "conversiile", "conversiile.csproj", "{283B6BB2-9E86-49ED-8223-EE0466A75831}"
EndProject
Global
	GlobalSection(SolutionConfigurationPlatforms) = preSolution
		Debug|Any CPU = Debug|Any CPU
		Release|Any CPU = Release|Any CPU
	EndGlobalSection
	GlobalSection(ProjectConfigurationPlatforms) = postSolution
		{283B6BB2-9E86-49ED-8223-EE0466A75831}.Debug|Any CPU.ActiveCfg = Debug|Any CPU
		{283B6BB2-9E86-49ED-8223-EE0466A75831}.Debug|Any CPU.Build.0 = Debug|Any CPU
		{283B6BB2-9E86-49ED-8223-EE0466A75831}.Release|Any CPU.ActiveCfg = Release|Any CPU
		{283B6BB2-9E86-49ED-8223-EE0466A75831}.Release|Any CPU.Build.0 = Release|Any CPU
	EndGlobalSection
	GlobalSection(SolutionProperties) = preSolution
		HideSolutionNode = FALSE
	EndGlobalSection
	GlobalSection(ExtensibilityGlobals) = postSolution
		SolutionGuid = {60EDB2F7-7661-4293-9FB8-DA767F616269}
	EndGlobalSection
EndGlobal
