
Microsoft Visual Studio Solution File, Format Version 12.00
# Visual Studio Version 16
VisualStudioVersion = 16.0.30523.141
MinimumVisualStudioVersion = 10.0.40219.1
Project("{FAE04EC0-301F-11D3-BF4B-00C04F79EFBC}") = "Legea lui Moore", "Legea lui Moore.csproj", "{A57BED1B-7C48-4080-BE7C-F6CD1F267A31}"
EndProject
Global
	GlobalSection(SolutionConfigurationPlatforms) = preSolution
		Debug|Any CPU = Debug|Any CPU
		Release|Any CPU = Release|Any CPU
	EndGlobalSection
	GlobalSection(ProjectConfigurationPlatforms) = postSolution
		{A57BED1B-7C48-4080-BE7C-F6CD1F267A31}.Debug|Any CPU.ActiveCfg = Debug|Any CPU
		{A57BED1B-7C48-4080-BE7C-F6CD1F267A31}.Debug|Any CPU.Build.0 = Debug|Any CPU
		{A57BED1B-7C48-4080-BE7C-F6CD1F267A31}.Release|Any CPU.ActiveCfg = Release|Any CPU
		{A57BED1B-7C48-4080-BE7C-F6CD1F267A31}.Release|Any CPU.Build.0 = Release|Any CPU
	EndGlobalSection
	GlobalSection(SolutionProperties) = preSolution
		HideSolutionNode = FALSE
	EndGlobalSection
	GlobalSection(ExtensibilityGlobals) = postSolution
		SolutionGuid = {B249FCA7-289D-43C4-B301-0B74139A7D19}
	EndGlobalSection
EndGlobal
